<?xml version="1.0" encoding="utf-8"?>
<Project ToolsVersion="4.0" xmlns="http://schemas.microsoft.com/developer/msbuild/2003">
  <ItemGroup>
    <ClCompile Include="main.c" />
    <ClCompile Include="entity.c">
      <Filter>Source</Filter>
    </ClCompile>
    <ClCompile Include="file.c">
      <Filter>Source</Filter>
    </ClCompile>
    <ClCompile Include="parse.c">
      <Filter>Source</Filter>
    </ClCompile>
    <ClCompile Include="prop.c">
      <Filter>Source</Filter>
    </ClCompile>
    <ClCompile Include="scene.c">
      <Filter>Source</Filter>
    </ClCompile>
    <ClCompile Include="symbol.c">
      <Filter>Source</Filter>
    </ClCompile>
  </ItemGroup>
  <ItemGroup>
    <ClInclude Include="entity.h">
      <Filter>Include</Filter>
    </ClInclude>
    <ClInclude Include="file.h">
      <Filter>Include</Filter>
    </ClInclude>
    <ClInclude Include="parse.h">
      <Filter>Include</Filter>
    </ClInclude>
    <ClInclude Include="prop.h">
      <Filter>Include</Filter>
    </ClInclude>
    <ClInclude Include="scene.h">
      <Filter>Include</Filter>
    </ClInclude>
    <ClInclude Include="symbol.h">
      <Filter>Include</Filter>
    </ClInclude>
    <ClInclude Include="helpers.h">
      <Filter>Include</Filter>
    </ClInclude>
  </ItemGroup>
  <ItemGroup>
    <Filter Include="Source">
      <UniqueIdentifier>{e5eca540-51ce-4145-acd7-972c9c6694a1}</UniqueIdentifier>
    </Filter>
    <Filter Include="Include">
      <UniqueIdentifier>{053d3ab6-0709-4cc5-8ace-f674bdc98b56}</UniqueIdentifier>
    </Filter>
  </ItemGroup>
  <ItemGroup>
    <None Include="data\scene.dat" />
  </ItemGroup>
</Project>